// !$*UTF8*$!
{
	archiveVersion = 1;
	classes = {
	};
	objectVersion = 50;
	objects = {

/* Begin PBXBuildFile section */
		6A1FFDD12186EE22000391A9 /* AppDelegate.swift in Sources */ = {isa = PBXBuildFile; fileRef = 6A1FFDD02186EE22000391A9 /* AppDelegate.swift */; };
		6A1FFDD32186EE22000391A9 /* FilmListViewController.swift in Sources */ = {isa = PBXBuildFile; fileRef = 6A1FFDD22186EE22000391A9 /* FilmListViewController.swift */; };
		6A1FFDD62186EE22000391A9 /* Main.storyboard in Resources */ = {isa = PBXBuildFile; fileRef = 6A1FFDD42186EE22000391A9 /* Main.storyboard */; };
		6A1FFDD82186EE26000391A9 /* Assets.xcassets in Resources */ = {isa = PBXBuildFile; fileRef = 6A1FFDD72186EE26000391A9 /* Assets.xcassets */; };
		6A1FFDDB2186EE26000391A9 /* LaunchScreen.storyboard in Resources */ = {isa = PBXBuildFile; fileRef = 6A1FFDD92186EE26000391A9 /* LaunchScreen.storyboard */; };
		6A1FFDE82186F55F000391A9 /* NetworkProtocol.swift in Sources */ = {isa = PBXBuildFile; fileRef = 6A1FFDE72186F55F000391A9 /* NetworkProtocol.swift */; };
		6A1FFDEA2186F58C000391A9 /* NetworkClient.swift in Sources */ = {isa = PBXBuildFile; fileRef = 6A1FFDE92186F58C000391A9 /* NetworkClient.swift */; };
		6A1FFDEC2186FE6A000391A9 /* FilmListServiceProtocol.swift in Sources */ = {isa = PBXBuildFile; fileRef = 6A1FFDEB2186FE6A000391A9 /* FilmListServiceProtocol.swift */; };
		6A1FFDEF2186FEB7000391A9 /* FilmObject.swift in Sources */ = {isa = PBXBuildFile; fileRef = 6A1FFDEE2186FEB6000391A9 /* FilmObject.swift */; };
		6A1FFDF121870104000391A9 /* FilmListService.swift in Sources */ = {isa = PBXBuildFile; fileRef = 6A1FFDF021870104000391A9 /* FilmListService.swift */; };
		6A1FFDF42187123C000391A9 /* FilmListViewControllerOutputProtocol.swift in Sources */ = {isa = PBXBuildFile; fileRef = 6A1FFDF32187123C000391A9 /* FilmListViewControllerOutputProtocol.swift */; };
		6A1FFDF621871250000391A9 /* FilmListViewControllerInputProtocol.swift in Sources */ = {isa = PBXBuildFile; fileRef = 6A1FFDF521871250000391A9 /* FilmListViewControllerInputProtocol.swift */; };
		6A1FFDF9218712BC000391A9 /* FilmListViewControllerInitializer.swift in Sources */ = {isa = PBXBuildFile; fileRef = 6A1FFDF8218712BC000391A9 /* FilmListViewControllerInitializer.swift */; };
		6A1FFDFB218712DF000391A9 /* FilmListViewControllerConfigurator.swift in Sources */ = {isa = PBXBuildFile; fileRef = 6A1FFDFA218712DF000391A9 /* FilmListViewControllerConfigurator.swift */; };
		6A1FFDFE218715E4000391A9 /* FilmListPresenter.swift in Sources */ = {isa = PBXBuildFile; fileRef = 6A1FFDFD218715E4000391A9 /* FilmListPresenter.swift */; };
		6A1FFE0121871717000391A9 /* FilmListRouterProtocol.swift in Sources */ = {isa = PBXBuildFile; fileRef = 6A1FFE0021871717000391A9 /* FilmListRouterProtocol.swift */; };
		6A1FFE05218737A8000391A9 /* FilmTableViewCell.swift in Sources */ = {isa = PBXBuildFile; fileRef = 6A1FFE03218737A8000391A9 /* FilmTableViewCell.swift */; };
		6A1FFE06218737A8000391A9 /* FilmTableViewCell.xib in Resources */ = {isa = PBXBuildFile; fileRef = 6A1FFE04218737A8000391A9 /* FilmTableViewCell.xib */; };
		6A1FFE0821875A6F000391A9 /* FilmListRouter.swift in Sources */ = {isa = PBXBuildFile; fileRef = 6A1FFE0721875A6F000391A9 /* FilmListRouter.swift */; };
		6A1FFE0D21875F41000391A9 /* FilmDetailViewController.swift in Sources */ = {isa = PBXBuildFile; fileRef = 6A1FFE0C21875F41000391A9 /* FilmDetailViewController.swift */; };
		6A1FFE0F21876619000391A9 /* FilmDetailConfiguratorProtocol.swift in Sources */ = {isa = PBXBuildFile; fileRef = 6A1FFE0E21876619000391A9 /* FilmDetailConfiguratorProtocol.swift */; };
		6A1FFE1121876660000391A9 /* FilmDetailConfigurator.swift in Sources */ = {isa = PBXBuildFile; fileRef = 6A1FFE1021876660000391A9 /* FilmDetailConfigurator.swift */; };
		6A1FFE142187684A000391A9 /* FilmDetailPresenter.swift in Sources */ = {isa = PBXBuildFile; fileRef = 6A1FFE132187684A000391A9 /* FilmDetailPresenter.swift */; };
		6A1FFE16218768AC000391A9 /* FilmDetailViewControllerInputProtocol.swift in Sources */ = {isa = PBXBuildFile; fileRef = 6A1FFE15218768AC000391A9 /* FilmDetailViewControllerInputProtocol.swift */; };
		6A1FFE18218768D6000391A9 /* FilmDetailViewControllerOutputProtocol.swift in Sources */ = {isa = PBXBuildFile; fileRef = 6A1FFE17218768D6000391A9 /* FilmDetailViewControllerOutputProtocol.swift */; };
		9175214A2215743300324CB0 /* FilmDetailViewController.storyboard in Resources */ = {isa = PBXBuildFile; fileRef = 917521492215743300324CB0 /* FilmDetailViewController.storyboard */; };
		9175214D221577C700324CB0 /* TMViewController.swift in Sources */ = {isa = PBXBuildFile; fileRef = 9175214C221577C700324CB0 /* TMViewController.swift */; };
		FA03EBA235490CD05B670E86 /* Pods_Top_movies.framework in Frameworks */ = {isa = PBXBuildFile; fileRef = A5AA10528267E569DD871780 /* Pods_Top_movies.framework */; };
/* End PBXBuildFile section */

/* Begin PBXFileReference section */
		09803C870798ACBC9CF9691B /* Pods-Top-movies.release.xcconfig */ = {isa = PBXFileReference; includeInIndex = 1; lastKnownFileType = text.xcconfig; name = "Pods-Top-movies.release.xcconfig"; path = "Pods/Target Support Files/Pods-Top-movies/Pods-Top-movies.release.xcconfig"; sourceTree = "<group>"; };
		2331EEAE36B4FCA90B7055B7 /* Pods-Top-movies.debug.xcconfig */ = {isa = PBXFileReference; includeInIndex = 1; lastKnownFileType = text.xcconfig; name = "Pods-Top-movies.debug.xcconfig"; path = "Pods/Target Support Files/Pods-Top-movies/Pods-Top-movies.debug.xcconfig"; sourceTree = "<group>"; };
		6A1FFDCD2186EE22000391A9 /* Top-movies.app */ = {isa = PBXFileReference; explicitFileType = wrapper.application; includeInIndex = 0; path = "Top-movies.app"; sourceTree = BUILT_PRODUCTS_DIR; };
		6A1FFDD02186EE22000391A9 /* AppDelegate.swift */ = {isa = PBXFileReference; lastKnownFileType = sourcecode.swift; path = AppDelegate.swift; sourceTree = "<group>"; };
		6A1FFDD22186EE22000391A9 /* FilmListViewController.swift */ = {isa = PBXFileReference; lastKnownFileType = sourcecode.swift; path = FilmListViewController.swift; sourceTree = "<group>"; };
		6A1FFDD52186EE22000391A9 /* Base */ = {isa = PBXFileReference; lastKnownFileType = file.storyboard; name = Base; path = Base.lproj/Main.storyboard; sourceTree = "<group>"; };
		6A1FFDD72186EE26000391A9 /* Assets.xcassets */ = {isa = PBXFileReference; lastKnownFileType = folder.assetcatalog; path = Assets.xcassets; sourceTree = "<group>"; };
		6A1FFDDA2186EE26000391A9 /* Base */ = {isa = PBXFileReference; lastKnownFileType = file.storyboard; name = Base; path = Base.lproj/LaunchScreen.storyboard; sourceTree = "<group>"; };
		6A1FFDDC2186EE26000391A9 /* Info.plist */ = {isa = PBXFileReference; lastKnownFileType = text.plist.xml; path = Info.plist; sourceTree = "<group>"; };
		6A1FFDE72186F55F000391A9 /* NetworkProtocol.swift */ = {isa = PBXFileReference; lastKnownFileType = sourcecode.swift; path = NetworkProtocol.swift; sourceTree = "<group>"; };
		6A1FFDE92186F58C000391A9 /* NetworkClient.swift */ = {isa = PBXFileReference; lastKnownFileType = sourcecode.swift; path = NetworkClient.swift; sourceTree = "<group>"; };
		6A1FFDEB2186FE6A000391A9 /* FilmListServiceProtocol.swift */ = {isa = PBXFileReference; lastKnownFileType = sourcecode.swift; path = FilmListServiceProtocol.swift; sourceTree = "<group>"; };
		6A1FFDEE2186FEB6000391A9 /* FilmObject.swift */ = {isa = PBXFileReference; lastKnownFileType = sourcecode.swift; path = FilmObject.swift; sourceTree = "<group>"; };
		6A1FFDF021870104000391A9 /* FilmListService.swift */ = {isa = PBXFileReference; lastKnownFileType = sourcecode.swift; path = FilmListService.swift; sourceTree = "<group>"; };
		6A1FFDF32187123C000391A9 /* FilmListViewControllerOutputProtocol.swift */ = {isa = PBXFileReference; lastKnownFileType = sourcecode.swift; path = FilmListViewControllerOutputProtocol.swift; sourceTree = "<group>"; };
		6A1FFDF521871250000391A9 /* FilmListViewControllerInputProtocol.swift */ = {isa = PBXFileReference; lastKnownFileType = sourcecode.swift; path = FilmListViewControllerInputProtocol.swift; sourceTree = "<group>"; };
		6A1FFDF8218712BC000391A9 /* FilmListViewControllerInitializer.swift */ = {isa = PBXFileReference; lastKnownFileType = sourcecode.swift; path = FilmListViewControllerInitializer.swift; sourceTree = "<group>"; };
		6A1FFDFA218712DF000391A9 /* FilmListViewControllerConfigurator.swift */ = {isa = PBXFileReference; lastKnownFileType = sourcecode.swift; path = FilmListViewControllerConfigurator.swift; sourceTree = "<group>"; };
		6A1FFDFD218715E4000391A9 /* FilmListPresenter.swift */ = {isa = PBXFileReference; lastKnownFileType = sourcecode.swift; path = FilmListPresenter.swift; sourceTree = "<group>"; };
		6A1FFE0021871717000391A9 /* FilmListRouterProtocol.swift */ = {isa = PBXFileReference; lastKnownFileType = sourcecode.swift; path = FilmListRouterProtocol.swift; sourceTree = "<group>"; };
		6A1FFE03218737A8000391A9 /* FilmTableViewCell.swift */ = {isa = PBXFileReference; lastKnownFileType = sourcecode.swift; path = FilmTableViewCell.swift; sourceTree = "<group>"; };
		6A1FFE04218737A8000391A9 /* FilmTableViewCell.xib */ = {isa = PBXFileReference; lastKnownFileType = file.xib; path = FilmTableViewCell.xib; sourceTree = "<group>"; };
		6A1FFE0721875A6F000391A9 /* FilmListRouter.swift */ = {isa = PBXFileReference; lastKnownFileType = sourcecode.swift; path = FilmListRouter.swift; sourceTree = "<group>"; };
		6A1FFE0C21875F41000391A9 /* FilmDetailViewController.swift */ = {isa = PBXFileReference; lastKnownFileType = sourcecode.swift; path = FilmDetailViewController.swift; sourceTree = "<group>"; };
		6A1FFE0E21876619000391A9 /* FilmDetailConfiguratorProtocol.swift */ = {isa = PBXFileReference; lastKnownFileType = sourcecode.swift; path = FilmDetailConfiguratorProtocol.swift; sourceTree = "<group>"; };
		6A1FFE1021876660000391A9 /* FilmDetailConfigurator.swift */ = {isa = PBXFileReference; lastKnownFileType = sourcecode.swift; path = FilmDetailConfigurator.swift; sourceTree = "<group>"; };
		6A1FFE132187684A000391A9 /* FilmDetailPresenter.swift */ = {isa = PBXFileReference; lastKnownFileType = sourcecode.swift; path = FilmDetailPresenter.swift; sourceTree = "<group>"; };
		6A1FFE15218768AC000391A9 /* FilmDetailViewControllerInputProtocol.swift */ = {isa = PBXFileReference; lastKnownFileType = sourcecode.swift; path = FilmDetailViewControllerInputProtocol.swift; sourceTree = "<group>"; };
		6A1FFE17218768D6000391A9 /* FilmDetailViewControllerOutputProtocol.swift */ = {isa = PBXFileReference; lastKnownFileType = sourcecode.swift; path = FilmDetailViewControllerOutputProtocol.swift; sourceTree = "<group>"; };
		917521492215743300324CB0 /* FilmDetailViewController.storyboard */ = {isa = PBXFileReference; lastKnownFileType = file.storyboard; path = FilmDetailViewController.storyboard; sourceTree = "<group>"; };
		9175214C221577C700324CB0 /* TMViewController.swift */ = {isa = PBXFileReference; lastKnownFileType = sourcecode.swift; path = TMViewController.swift; sourceTree = "<group>"; };
		A5AA10528267E569DD871780 /* Pods_Top_movies.framework */ = {isa = PBXFileReference; explicitFileType = wrapper.framework; includeInIndex = 0; path = Pods_Top_movies.framework; sourceTree = BUILT_PRODUCTS_DIR; };
/* End PBXFileReference section */

/* Begin PBXFrameworksBuildPhase section */
		6A1FFDCA2186EE22000391A9 /* Frameworks */ = {
			isa = PBXFrameworksBuildPhase;
			buildActionMask = 2147483647;
			files = (
				FA03EBA235490CD05B670E86 /* Pods_Top_movies.framework in Frameworks */,
			);
			runOnlyForDeploymentPostprocessing = 0;
		};
/* End PBXFrameworksBuildPhase section */

/* Begin PBXGroup section */
		6A1FFDC42186EE22000391A9 = {
			isa = PBXGroup;
			children = (
				6A1FFDCF2186EE22000391A9 /* Top-movies */,
				6A1FFDCE2186EE22000391A9 /* Products */,
				C28F55AF7B5A485B71FFEA86 /* Pods */,
				6A7D33AB8486A9CF246C7DA6 /* Frameworks */,
			);
			sourceTree = "<group>";
		};
		6A1FFDCE2186EE22000391A9 /* Products */ = {
			isa = PBXGroup;
			children = (
				6A1FFDCD2186EE22000391A9 /* Top-movies.app */,
			);
			name = Products;
			sourceTree = "<group>";
		};
		6A1FFDCF2186EE22000391A9 /* Top-movies */ = {
			isa = PBXGroup;
			children = (
				6A1FFDED2186FE9C000391A9 /* Model */,
				9175214B2215773000324CB0 /* Extension */,
				91752145221573CC00324CB0 /* Modules */,
				6A1FFDE42186EF8C000391A9 /* Services */,
				6A1FFDE32186EF7E000391A9 /* CoreLayer */,
				6A1FFDE22186EF4E000391A9 /* Supporting Files */,
				6A1FFDD02186EE22000391A9 /* AppDelegate.swift */,
				6A1FFDDC2186EE26000391A9 /* Info.plist */,
			);
			path = "Top-movies";
			sourceTree = "<group>";
		};
		6A1FFDE22186EF4E000391A9 /* Supporting Files */ = {
			isa = PBXGroup;
			children = (
				6A1FFDD72186EE26000391A9 /* Assets.xcassets */,
				6A1FFDD42186EE22000391A9 /* Main.storyboard */,
				6A1FFDD92186EE26000391A9 /* LaunchScreen.storyboard */,
			);
			path = "Supporting Files";
			sourceTree = "<group>";
		};
		6A1FFDE32186EF7E000391A9 /* CoreLayer */ = {
			isa = PBXGroup;
			children = (
				6A1FFDE72186F55F000391A9 /* NetworkProtocol.swift */,
				6A1FFDE92186F58C000391A9 /* NetworkClient.swift */,
			);
			path = CoreLayer;
			sourceTree = "<group>";
		};
		6A1FFDE42186EF8C000391A9 /* Services */ = {
			isa = PBXGroup;
			children = (
				6A1FFDEB2186FE6A000391A9 /* FilmListServiceProtocol.swift */,
				6A1FFDF021870104000391A9 /* FilmListService.swift */,
			);
			path = Services;
			sourceTree = "<group>";
		};
		6A1FFDE52186F508000391A9 /* FilmList */ = {
			isa = PBXGroup;
			children = (
				6A1FFDFF218716F2000391A9 /* Router */,
				6A1FFDF721871272000391A9 /* Configurator */,
				6A1FFDFC218715B9000391A9 /* Presenter */,
				6A1FFDF221870EAA000391A9 /* View */,
			);
			path = FilmList;
			sourceTree = "<group>";
		};
		6A1FFDE62186F51A000391A9 /* FilmDetail */ = {
			isa = PBXGroup;
			children = (
				6A1FFE0B21875EF4000391A9 /* View */,
				6A1FFE0A21875EE8000391A9 /* Presenter */,
				6A1FFE0921875EDF000391A9 /* Configurator */,
			);
			path = FilmDetail;
			sourceTree = "<group>";
		};
		6A1FFDED2186FE9C000391A9 /* Model */ = {
			isa = PBXGroup;
			children = (
				6A1FFDEE2186FEB6000391A9 /* FilmObject.swift */,
			);
			path = Model;
			sourceTree = "<group>";
		};
		6A1FFDF221870EAA000391A9 /* View */ = {
			isa = PBXGroup;
			children = (
				6A1FFE0221873788000391A9 /* Cell */,
				6A1FFDD22186EE22000391A9 /* FilmListViewController.swift */,
				6A1FFDF32187123C000391A9 /* FilmListViewControllerOutputProtocol.swift */,
				6A1FFDF521871250000391A9 /* FilmListViewControllerInputProtocol.swift */,
			);
			path = View;
			sourceTree = "<group>";
		};
		6A1FFDF721871272000391A9 /* Configurator */ = {
			isa = PBXGroup;
			children = (
				6A1FFDF8218712BC000391A9 /* FilmListViewControllerInitializer.swift */,
				6A1FFDFA218712DF000391A9 /* FilmListViewControllerConfigurator.swift */,
			);
			path = Configurator;
			sourceTree = "<group>";
		};
		6A1FFDFC218715B9000391A9 /* Presenter */ = {
			isa = PBXGroup;
			children = (
				6A1FFDFD218715E4000391A9 /* FilmListPresenter.swift */,
			);
			path = Presenter;
			sourceTree = "<group>";
		};
		6A1FFDFF218716F2000391A9 /* Router */ = {
			isa = PBXGroup;
			children = (
				6A1FFE0021871717000391A9 /* FilmListRouterProtocol.swift */,
				6A1FFE0721875A6F000391A9 /* FilmListRouter.swift */,
			);
			path = Router;
			sourceTree = "<group>";
		};
		6A1FFE0221873788000391A9 /* Cell */ = {
			isa = PBXGroup;
			children = (
				6A1FFE03218737A8000391A9 /* FilmTableViewCell.swift */,
				6A1FFE04218737A8000391A9 /* FilmTableViewCell.xib */,
			);
			path = Cell;
			sourceTree = "<group>";
		};
		6A1FFE0921875EDF000391A9 /* Configurator */ = {
			isa = PBXGroup;
			children = (
				6A1FFE0E21876619000391A9 /* FilmDetailConfiguratorProtocol.swift */,
				6A1FFE1021876660000391A9 /* FilmDetailConfigurator.swift */,
			);
			path = Configurator;
			sourceTree = "<group>";
		};
		6A1FFE0A21875EE8000391A9 /* Presenter */ = {
			isa = PBXGroup;
			children = (
				6A1FFE132187684A000391A9 /* FilmDetailPresenter.swift */,
			);
			path = Presenter;
			sourceTree = "<group>";
		};
		6A1FFE0B21875EF4000391A9 /* View */ = {
			isa = PBXGroup;
			children = (
				6A1FFE0C21875F41000391A9 /* FilmDetailViewController.swift */,
				917521492215743300324CB0 /* FilmDetailViewController.storyboard */,
				6A1FFE15218768AC000391A9 /* FilmDetailViewControllerInputProtocol.swift */,
				6A1FFE17218768D6000391A9 /* FilmDetailViewControllerOutputProtocol.swift */,
			);
			path = View;
			sourceTree = "<group>";
		};
		6A7D33AB8486A9CF246C7DA6 /* Frameworks */ = {
			isa = PBXGroup;
			children = (
				A5AA10528267E569DD871780 /* Pods_Top_movies.framework */,
			);
			name = Frameworks;
			sourceTree = "<group>";
		};
		91752145221573CC00324CB0 /* Modules */ = {
			isa = PBXGroup;
			children = (
				6A1FFDE62186F51A000391A9 /* FilmDetail */,
				6A1FFDE52186F508000391A9 /* FilmList */,
			);
			path = Modules;
			sourceTree = "<group>";
		};
		9175214B2215773000324CB0 /* Extension */ = {
			isa = PBXGroup;
			children = (
				9175214C221577C700324CB0 /* TMViewController.swift */,
			);
			path = Extension;
			sourceTree = "<group>";
		};
		C28F55AF7B5A485B71FFEA86 /* Pods */ = {
			isa = PBXGroup;
			children = (
				2331EEAE36B4FCA90B7055B7 /* Pods-Top-movies.debug.xcconfig */,
				09803C870798ACBC9CF9691B /* Pods-Top-movies.release.xcconfig */,
			);
			name = Pods;
			sourceTree = "<group>";
		};
/* End PBXGroup section */

/* Begin PBXNativeTarget section */
		6A1FFDCC2186EE22000391A9 /* Top-movies */ = {
			isa = PBXNativeTarget;
			buildConfigurationList = 6A1FFDDF2186EE26000391A9 /* Build configuration list for PBXNativeTarget "Top-movies" */;
			buildPhases = (
				4BC7955D18F0AB72355166C9 /* [CP] Check Pods Manifest.lock */,
				6A1FFDC92186EE22000391A9 /* Sources */,
				6A1FFDCA2186EE22000391A9 /* Frameworks */,
				6A1FFDCB2186EE22000391A9 /* Resources */,
				A420C7CA30B2587E1D1FFCD7 /* [CP] Embed Pods Frameworks */,
			);
			buildRules = (
			);
			dependencies = (
			);
			name = "Top-movies";
			productName = "Top-movies";
			productReference = 6A1FFDCD2186EE22000391A9 /* Top-movies.app */;
			productType = "com.apple.product-type.application";
		};
/* End PBXNativeTarget section */

/* Begin PBXProject section */
		6A1FFDC52186EE22000391A9 /* Project object */ = {
			isa = PBXProject;
			attributes = {
				LastSwiftUpdateCheck = 1000;
				LastUpgradeCheck = 1000;
				ORGANIZATIONNAME = "Ivan Mihailovskii";
				TargetAttributes = {
					6A1FFDCC2186EE22000391A9 = {
						CreatedOnToolsVersion = 10.0;
					};
				};
			};
			buildConfigurationList = 6A1FFDC82186EE22000391A9 /* Build configuration list for PBXProject "Top-movies" */;
			compatibilityVersion = "Xcode 9.3";
			developmentRegion = en;
			hasScannedForEncodings = 0;
			knownRegions = (
				en,
				Base,
			);
			mainGroup = 6A1FFDC42186EE22000391A9;
			productRefGroup = 6A1FFDCE2186EE22000391A9 /* Products */;
			projectDirPath = "";
			projectRoot = "";
			targets = (
				6A1FFDCC2186EE22000391A9 /* Top-movies */,
			);
		};
/* End PBXProject section */

/* Begin PBXResourcesBuildPhase section */
		6A1FFDCB2186EE22000391A9 /* Resources */ = {
			isa = PBXResourcesBuildPhase;
			buildActionMask = 2147483647;
			files = (
				6A1FFDDB2186EE26000391A9 /* LaunchScreen.storyboard in Resources */,
				9175214A2215743300324CB0 /* FilmDetailViewController.storyboard in Resources */,
				6A1FFE06218737A8000391A9 /* FilmTableViewCell.xib in Resources */,
				6A1FFDD82186EE26000391A9 /* Assets.xcassets in Resources */,
				6A1FFDD62186EE22000391A9 /* Main.storyboard in Resources */,
			);
			runOnlyForDeploymentPostprocessing = 0;
		};
/* End PBXResourcesBuildPhase section */

/* Begin PBXShellScriptBuildPhase section */
		4BC7955D18F0AB72355166C9 /* [CP] Check Pods Manifest.lock */ = {
			isa = PBXShellScriptBuildPhase;
			buildActionMask = 2147483647;
			files = (
			);
			inputFileListPaths = (
			);
			inputPaths = (
				"${PODS_PODFILE_DIR_PATH}/Podfile.lock",
				"${PODS_ROOT}/Manifest.lock",
			);
			name = "[CP] Check Pods Manifest.lock";
			outputFileListPaths = (
			);
			outputPaths = (
				"$(DERIVED_FILE_DIR)/Pods-Top-movies-checkManifestLockResult.txt",
			);
			runOnlyForDeploymentPostprocessing = 0;
			shellPath = /bin/sh;
			shellScript = "diff \"${PODS_PODFILE_DIR_PATH}/Podfile.lock\" \"${PODS_ROOT}/Manifest.lock\" > /dev/null\nif [ $? != 0 ] ; then\n    # print error to STDERR\n    echo \"error: The sandbox is not in sync with the Podfile.lock. Run 'pod install' or update your CocoaPods installation.\" >&2\n    exit 1\nfi\n# This output is used by Xcode 'outputs' to avoid re-running this script phase.\necho \"SUCCESS\" > \"${SCRIPT_OUTPUT_FILE_0}\"\n";
			showEnvVarsInLog = 0;
		};
		A420C7CA30B2587E1D1FFCD7 /* [CP] Embed Pods Frameworks */ = {
			isa = PBXShellScriptBuildPhase;
			buildActionMask = 2147483647;
			files = (
			);
			inputFileListPaths = (
			);
			inputPaths = (
				"${PODS_ROOT}/Target Support Files/Pods-Top-movies/Pods-Top-movies-frameworks.sh",
				"${BUILT_PRODUCTS_DIR}/Alamofire/Alamofire.framework",
				"${BUILT_PRODUCTS_DIR}/Kingfisher/Kingfisher.framework",
				"${BUILT_PRODUCTS_DIR}/SwiftyJSON/SwiftyJSON.framework",
			);
			name = "[CP] Embed Pods Frameworks";
			outputFileListPaths = (
			);
			outputPaths = (
				"${TARGET_BUILD_DIR}/${FRAMEWORKS_FOLDER_PATH}/Alamofire.framework",
				"${TARGET_BUILD_DIR}/${FRAMEWORKS_FOLDER_PATH}/Kingfisher.framework",
				"${TARGET_BUILD_DIR}/${FRAMEWORKS_FOLDER_PATH}/SwiftyJSON.framework",
			);
			runOnlyForDeploymentPostprocessing = 0;
			shellPath = /bin/sh;
			shellScript = "\"${PODS_ROOT}/Target Support Files/Pods-Top-movies/Pods-Top-movies-frameworks.sh\"\n";
			showEnvVarsInLog = 0;
		};
/* End PBXShellScriptBuildPhase section */

/* Begin PBXSourcesBuildPhase section */
		6A1FFDC92186EE22000391A9 /* Sources */ = {
			isa = PBXSourcesBuildPhase;
			buildActionMask = 2147483647;
			files = (
				6A1FFDEF2186FEB7000391A9 /* FilmObject.swift in Sources */,
				6A1FFDD32186EE22000391A9 /* FilmListViewController.swift in Sources */,
				6A1FFE0F21876619000391A9 /* FilmDetailConfiguratorProtocol.swift in Sources */,
				6A1FFE1121876660000391A9 /* FilmDetailConfigurator.swift in Sources */,
				6A1FFDD12186EE22000391A9 /* AppDelegate.swift in Sources */,
				6A1FFE0D21875F41000391A9 /* FilmDetailViewController.swift in Sources */,
				6A1FFE0121871717000391A9 /* FilmListRouterProtocol.swift in Sources */,
				6A1FFDF9218712BC000391A9 /* FilmListViewControllerInitializer.swift in Sources */,
				6A1FFE0821875A6F000391A9 /* FilmListRouter.swift in Sources */,
				6A1FFDF42187123C000391A9 /* FilmListViewControllerOutputProtocol.swift in Sources */,
				6A1FFE16218768AC000391A9 /* FilmDetailViewControllerInputProtocol.swift in Sources */,
				6A1FFE18218768D6000391A9 /* FilmDetailViewControllerOutputProtocol.swift in Sources */,
				6A1FFDF621871250000391A9 /* FilmListViewControllerInputProtocol.swift in Sources */,
				6A1FFE05218737A8000391A9 /* FilmTableViewCell.swift in Sources */,
				6A1FFE142187684A000391A9 /* FilmDetailPresenter.swift in Sources */,
				6A1FFDFE218715E4000391A9 /* FilmListPresenter.swift in Sources */,
				9175214D221577C700324CB0 /* TMViewController.swift in Sources */,
				6A1FFDE82186F55F000391A9 /* NetworkProtocol.swift in Sources */,
				6A1FFDF121870104000391A9 /* FilmListService.swift in Sources */,
				6A1FFDEA2186F58C000391A9 /* NetworkClient.swift in Sources */,
				6A1FFDEC2186FE6A000391A9 /* FilmListServiceProtocol.swift in Sources */,
				6A1FFDFB218712DF000391A9 /* FilmListViewControllerConfigurator.swift in Sources */,
			);
			runOnlyForDeploymentPostprocessing = 0;
		};
/* End PBXSourcesBuildPhase section */

/* Begin PBXVariantGroup section */
		6A1FFDD42186EE22000391A9 /* Main.storyboard */ = {
			isa = PBXVariantGroup;
			children = (
				6A1FFDD52186EE22000391A9 /* Base */,
			);
			name = Main.storyboard;
			sourceTree = "<group>";
		};
		6A1FFDD92186EE26000391A9 /* LaunchScreen.storyboard */ = {
			isa = PBXVariantGroup;
			children = (
				6A1FFDDA2186EE26000391A9 /* Base */,
			);
			name = LaunchScreen.storyboard;
			sourceTree = "<group>";
		};
/* End PBXVariantGroup section */

/* Begin XCBuildConfiguration section */
		6A1FFDDD2186EE26000391A9 /* Debug */ = {
			isa = XCBuildConfiguration;
			buildSettings = {
				ALWAYS_SEARCH_USER_PATHS = NO;
				CLANG_ANALYZER_NONNULL = YES;
				CLANG_ANALYZER_NUMBER_OBJECT_CONVERSION = YES_AGGRESSIVE;
				CLANG_CXX_LANGUAGE_STANDARD = "gnu++14";
				CLANG_CXX_LIBRARY = "libc++";
				CLANG_ENABLE_MODULES = YES;
				CLANG_ENABLE_OBJC_ARC = YES;
				CLANG_ENABLE_OBJC_WEAK = YES;
				CLANG_WARN_BLOCK_CAPTURE_AUTORELEASING = YES;
				CLANG_WARN_BOOL_CONVERSION = YES;
				CLANG_WARN_COMMA = YES;
				CLANG_WARN_CONSTANT_CONVERSION = YES;
				CLANG_WARN_DEPRECATED_OBJC_IMPLEMENTATIONS = YES;
				CLANG_WARN_DIRECT_OBJC_ISA_USAGE = YES_ERROR;
				CLANG_WARN_DOCUMENTATION_COMMENTS = YES;
				CLANG_WARN_EMPTY_BODY = YES;
				CLANG_WARN_ENUM_CONVERSION = YES;
				CLANG_WARN_INFINITE_RECURSION = YES;
				CLANG_WARN_INT_CONVERSION = YES;
				CLANG_WARN_NON_LITERAL_NULL_CONVERSION = YES;
				CLANG_WARN_OBJC_IMPLICIT_RETAIN_SELF = YES;
				CLANG_WARN_OBJC_LITERAL_CONVERSION = YES;
				CLANG_WARN_OBJC_ROOT_CLASS = YES_ERROR;
				CLANG_WARN_RANGE_LOOP_ANALYSIS = YES;
				CLANG_WARN_STRICT_PROTOTYPES = YES;
				CLANG_WARN_SUSPICIOUS_MOVE = YES;
				CLANG_WARN_UNGUARDED_AVAILABILITY = YES_AGGRESSIVE;
				CLANG_WARN_UNREACHABLE_CODE = YES;
				CLANG_WARN__DUPLICATE_METHOD_MATCH = YES;
				CODE_SIGN_IDENTITY = "iPhone Developer";
				COPY_PHASE_STRIP = NO;
				DEBUG_INFORMATION_FORMAT = dwarf;
				ENABLE_STRICT_OBJC_MSGSEND = YES;
				ENABLE_TESTABILITY = YES;
				GCC_C_LANGUAGE_STANDARD = gnu11;
				GCC_DYNAMIC_NO_PIC = NO;
				GCC_NO_COMMON_BLOCKS = YES;
				GCC_OPTIMIZATION_LEVEL = 0;
				GCC_PREPROCESSOR_DEFINITIONS = (
					"DEBUG=1",
					"$(inherited)",
				);
				GCC_WARN_64_TO_32_BIT_CONVERSION = YES;
				GCC_WARN_ABOUT_RETURN_TYPE = YES_ERROR;
				GCC_WARN_UNDECLARED_SELECTOR = YES;
				GCC_WARN_UNINITIALIZED_AUTOS = YES_AGGRESSIVE;
				GCC_WARN_UNUSED_FUNCTION = YES;
				GCC_WARN_UNUSED_VARIABLE = YES;
				IPHONEOS_DEPLOYMENT_TARGET = 12.0;
				MTL_ENABLE_DEBUG_INFO = INCLUDE_SOURCE;
				MTL_FAST_MATH = YES;
				ONLY_ACTIVE_ARCH = YES;
				SDKROOT = iphoneos;
				SWIFT_ACTIVE_COMPILATION_CONDITIONS = DEBUG;
				SWIFT_OPTIMIZATION_LEVEL = "-Onone";
			};
			name = Debug;
		};
		6A1FFDDE2186EE26000391A9 /* Release */ = {
			isa = XCBuildConfiguration;
			buildSettings = {
				ALWAYS_SEARCH_USER_PATHS = NO;
				CLANG_ANALYZER_NONNULL = YES;
				CLANG_ANALYZER_NUMBER_OBJECT_CONVERSION = YES_AGGRESSIVE;
				CLANG_CXX_LANGUAGE_STANDARD = "gnu++14";
				CLANG_CXX_LIBRARY = "libc++";
				CLANG_ENABLE_MODULES = YES;
				CLANG_ENABLE_OBJC_ARC = YES;
				CLANG_ENABLE_OBJC_WEAK = YES;
				CLANG_WARN_BLOCK_CAPTURE_AUTORELEASING = YES;
				CLANG_WARN_BOOL_CONVERSION = YES;
				CLANG_WARN_COMMA = YES;
				CLANG_WARN_CONSTANT_CONVERSION = YES;
				CLANG_WARN_DEPRECATED_OBJC_IMPLEMENTATIONS = YES;
				CLANG_WARN_DIRECT_OBJC_ISA_USAGE = YES_ERROR;
				CLANG_WARN_DOCUMENTATION_COMMENTS = YES;
				CLANG_WARN_EMPTY_BODY = YES;
				CLANG_WARN_ENUM_CONVERSION = YES;
				CLANG_WARN_INFINITE_RECURSION = YES;
				CLANG_WARN_INT_CONVERSION = YES;
				CLANG_WARN_NON_LITERAL_NULL_CONVERSION = YES;
				CLANG_WARN_OBJC_IMPLICIT_RETAIN_SELF = YES;
				CLANG_WARN_OBJC_LITERAL_CONVERSION = YES;
				CLANG_WARN_OBJC_ROOT_CLASS = YES_ERROR;
				CLANG_WARN_RANGE_LOOP_ANALYSIS = YES;
				CLANG_WARN_STRICT_PROTOTYPES = YES;
				CLANG_WARN_SUSPICIOUS_MOVE = YES;
				CLANG_WARN_UNGUARDED_AVAILABILITY = YES_AGGRESSIVE;
				CLANG_WARN_UNREACHABLE_CODE = YES;
				CLANG_WARN__DUPLICATE_METHOD_MATCH = YES;
				CODE_SIGN_IDENTITY = "iPhone Developer";
				COPY_PHASE_STRIP = NO;
				DEBUG_INFORMATION_FORMAT = "dwarf-with-dsym";
				ENABLE_NS_ASSERTIONS = NO;
				ENABLE_STRICT_OBJC_MSGSEND = YES;
				GCC_C_LANGUAGE_STANDARD = gnu11;
				GCC_NO_COMMON_BLOCKS = YES;
				GCC_WARN_64_TO_32_BIT_CONVERSION = YES;
				GCC_WARN_ABOUT_RETURN_TYPE = YES_ERROR;
				GCC_WARN_UNDECLARED_SELECTOR = YES;
				GCC_WARN_UNINITIALIZED_AUTOS = YES_AGGRESSIVE;
				GCC_WARN_UNUSED_FUNCTION = YES;
				GCC_WARN_UNUSED_VARIABLE = YES;
				IPHONEOS_DEPLOYMENT_TARGET = 12.0;
				MTL_ENABLE_DEBUG_INFO = NO;
				MTL_FAST_MATH = YES;
				SDKROOT = iphoneos;
				SWIFT_COMPILATION_MODE = wholemodule;
				SWIFT_OPTIMIZATION_LEVEL = "-O";
				VALIDATE_PRODUCT = YES;
			};
			name = Release;
		};
		6A1FFDE02186EE26000391A9 /* Debug */ = {
			isa = XCBuildConfiguration;
			baseConfigurationReference = 2331EEAE36B4FCA90B7055B7 /* Pods-Top-movies.debug.xcconfig */;
			buildSettings = {
				ASSETCATALOG_COMPILER_APPICON_NAME = AppIcon;
				CODE_SIGN_STYLE = Automatic;
				DEVELOPMENT_TEAM = 4XJM4GSZPH;
				INFOPLIST_FILE = "Top-movies/Info.plist";
				LD_RUNPATH_SEARCH_PATHS = (
					"$(inherited)",
					"@executable_path/Frameworks",
				);
				PRODUCT_BUNDLE_IDENTIFIER = "Apps.Top-movies";
				PRODUCT_NAME = "$(TARGET_NAME)";
				SWIFT_VERSION = 4.2;
				TARGETED_DEVICE_FAMILY = "1,2";
			};
			name = Debug;
		};
		6A1FFDE12186EE26000391A9 /* Release */ = {
			isa = XCBuildConfiguration;
			baseConfigurationReference = 09803C870798ACBC9CF9691B /* Pods-Top-movies.release.xcconfig */;
			buildSettings = {
				ASSETCATALOG_COMPILER_APPICON_NAME = AppIcon;
				CODE_SIGN_STYLE = Automatic;
				DEVELOPMENT_TEAM = 4XJM4GSZPH;
				INFOPLIST_FILE = "Top-movies/Info.plist";
				LD_RUNPATH_SEARCH_PATHS = (
					"$(inherited)",
					"@executable_path/Frameworks",
				);
				PRODUCT_BUNDLE_IDENTIFIER = "Apps.Top-movies";
				PRODUCT_NAME = "$(TARGET_NAME)";
				SWIFT_VERSION = 4.2;
				TARGETED_DEVICE_FAMILY = "1,2";
			};
			name = Release;
		};
/* End XCBuildConfiguration section */

/* Begin XCConfigurationList section */
		6A1FFDC82186EE22000391A9 /* Build configuration list for PBXProject "Top-movies" */ = {
			isa = XCConfigurationList;
			buildConfigurations = (
				6A1FFDDD2186EE26000391A9 /* Debug */,
				6A1FFDDE2186EE26000391A9 /* Release */,
			);
			defaultConfigurationIsVisible = 0;
			defaultConfigurationName = Release;
		};
		6A1FFDDF2186EE26000391A9 /* Build configuration list for PBXNativeTarget "Top-movies" */ = {
			isa = XCConfigurationList;
			buildConfigurations = (
				6A1FFDE02186EE26000391A9 /* Debug */,
				6A1FFDE12186EE26000391A9 /* Release */,
			);
			defaultConfigurationIsVisible = 0;
			defaultConfigurationName = Release;
		};
/* End XCConfigurationList section */
	};
	rootObject = 6A1FFDC52186EE22000391A9 /* Project object */;
}
